
Microsoft Visual Studio Solution File, Format Version 12.00
# Visual Studio Version 17
VisualStudioVersion = 17.14.36310.24
MinimumVisualStudioVersion = 10.0.40219.1
Project("{FAE04EC0-301F-11D3-BF4B-00C04F79EFBC}") = "Meziantou.FileReferencer", "Meziantou.FileReferencer\Meziantou.FileReferencer.csproj", "{9836B767-8F82-4BF8-95A8-44774CBA26B5}"
EndProject
Project("{FAE04EC0-301F-11D3-BF4B-00C04F79EFBC}") = "Meziantou.FileReferencer.Tests", "Meziantou.FileReferencer.Tests\Meziantou.FileReferencer.Tests.csproj", "{4073586C-1CFD-42B1-B9A4-200DE54875BF}"
EndProject
Global
	GlobalSection(SolutionConfigurationPlatforms) = preSolution
		Debug|Any CPU = Debug|Any CPU
		Release|Any CPU = Release|Any CPU
	EndGlobalSection
	GlobalSection(ProjectConfigurationPlatforms) = postSolution
		{9836B767-8F82-4BF8-95A8-44774CBA26B5}.Debug|Any CPU.ActiveCfg = Debug|Any CPU
		{9836B767-8F82-4BF8-95A8-44774CBA26B5}.Debug|Any CPU.Build.0 = Debug|Any CPU
		{9836B767-8F82-4BF8-95A8-44774CBA26B5}.Release|Any CPU.ActiveCfg = Release|Any CPU
		{9836B767-8F82-4BF8-95A8-44774CBA26B5}.Release|Any CPU.Build.0 = Release|Any CPU
		{4073586C-1CFD-42B1-B9A4-200DE54875BF}.Debug|Any CPU.ActiveCfg = Debug|Any CPU
		{4073586C-1CFD-42B1-B9A4-200DE54875BF}.Debug|Any CPU.Build.0 = Debug|Any CPU
		{4073586C-1CFD-42B1-B9A4-200DE54875BF}.Release|Any CPU.ActiveCfg = Release|Any CPU
		{4073586C-1CFD-42B1-B9A4-200DE54875BF}.Release|Any CPU.Build.0 = Release|Any CPU
	EndGlobalSection
	GlobalSection(SolutionProperties) = preSolution
		HideSolutionNode = FALSE
	EndGlobalSection
	GlobalSection(ExtensibilityGlobals) = postSolution
		SolutionGuid = {39B74750-2542-491C-888D-40C0D4C098A7}
	EndGlobalSection
EndGlobal
